
Microsoft Visual Studio Solution File, Format Version 12.00
# Visual Studio Version 17
VisualStudioVersion = 17.1.32328.378
MinimumVisualStudioVersion = 10.0.40219.1
Project("{9A19103F-16F7-4668-BE54-9A1E7A4F7556}") = "LambdaFunction", "src\LambdaFunction\LambdaFunction.csproj", "{AE6C2723-D318-47B8-9173-BB2842F675D3}"
EndProject
Project("{9A19103F-16F7-4668-BE54-9A1E7A4F7556}") = "LambdaFunction.Tests", "test\LambdaFunction.Tests\LambdaFunction.Tests.csproj", "{2F9A8840-B14A-4294-8B61-D8B25707BF20}"
EndProject
Global
	GlobalSection(SolutionConfigurationPlatforms) = preSolution
		Debug|Any CPU = Debug|Any CPU
		Release|Any CPU = Release|Any CPU
	EndGlobalSection
	GlobalSection(ProjectConfigurationPlatforms) = postSolution
		{AE6C2723-D318-47B8-9173-BB2842F675D3}.Debug|Any CPU.ActiveCfg = Debug|Any CPU
		{AE6C2723-D318-47B8-9173-BB2842F675D3}.Debug|Any CPU.Build.0 = Debug|Any CPU
		{AE6C2723-D318-47B8-9173-BB2842F675D3}.Release|Any CPU.ActiveCfg = Release|Any CPU
		{AE6C2723-D318-47B8-9173-BB2842F675D3}.Release|Any CPU.Build.0 = Release|Any CPU
		{2F9A8840-B14A-4294-8B61-D8B25707BF20}.Debug|Any CPU.ActiveCfg = Debug|Any CPU
		{2F9A8840-B14A-4294-8B61-D8B25707BF20}.Debug|Any CPU.Build.0 = Debug|Any CPU
		{2F9A8840-B14A-4294-8B61-D8B25707BF20}.Release|Any CPU.ActiveCfg = Release|Any CPU
		{2F9A8840-B14A-4294-8B61-D8B25707BF20}.Release|Any CPU.Build.0 = Release|Any CPU
	EndGlobalSection
	GlobalSection(SolutionProperties) = preSolution
		HideSolutionNode = FALSE
	EndGlobalSection
	GlobalSection(ExtensibilityGlobals) = postSolution
		SolutionGuid = {BDAF2C87-DFB0-44B3-9190-6F1CCD83E98A}
	EndGlobalSection
EndGlobal
